github.com/CodisLabs/codis v0.0.0-20181104082235-de1ad026e329 h1:KyRmPlfd2xewxb54vIBPNILFyCh2R3zNDwLZURDxT0E=
github.com/CodisLabs/codis v0.0.0-20181104082235-de1ad026e329/go.mod h1:7p/InQNYNEI8sdFDMqA1rZqszJBZMZekIcWYf6N6s2M=
github.com/docker/leadership v0.1.0 h1:od6W3af8ONBDRFnOJb0JghHx8rHggGHaTYGTIwYMo/k=
github.com/docker/leadership v0.1.0/go.mod h1:6yL2hg00l43fYEJagcF7eIS4PootU7TAO122H8bUUAo=
github.com/docker/libkv v0.2.1 h1:PNXYaftMVCFS5CmnDtDWTg3wbBO61Q/cEo3KX1oKxto=
github.com/docker/libkv v0.2.1/go.mod h1:r5hEwHwW8dr0TFBYGCarMNbrQOiwL1xoqDYZ/JqoTK0=
github.com/go-redis/redis v6.15.9+incompatible h1:K0pv1D7EQUjfyoMql+r/jZqCLizCGKFlFgcHWWmHQjg=
github.com/go-redis/redis v6.15.9+incompatible/go.mod h1:NAIEuMOZ/fxfXJIrKDQDz8wamY7mA7PouImQ2Jvg6kA=
github.com/go-sql-driver/mysql v1.6.0 h1:BCTh4TKNUYmOmMUcQ3IipzF5prigylS7XXjEkfCHuOE=
github.com/go-sql-driver/mysql v1.6.0/go.mod h1:DCzpHaOWr8IXmIStZouvnhqoel9Qv2LBy8hT2VhHyBg=
github.com/samuel/go-zookeeper v0.0.0-20201211165307-7117e9ea2414 h1:AJNDS0kP60X8wwWFvbLPwDuojxubj9pbfK7pjHw0vKg=
github.com/samuel/go-zookeeper v0.0.0-20201211165307-7117e9ea2414/go.mod h1:gi+0XIa01GRL2eRQVjQkKGqKF3SF9vZR/HnPullcV2E=
